// !$*UTF8*$!
{
	archiveVersion = 1;
	classes = {
	};
	objectVersion = 77;
	objects = {

/* Begin PBXContainerItemProxy section */
		F9C328EC2DC4397E006CC6F1 /* PBXContainerItemProxy */ = {
			isa = PBXContainerItemProxy;
			containerPortal = F9C328D32DC4397A006CC6F1 /* Project object */;
			proxyType = 1;
			remoteGlobalIDString = F9C328DA2DC4397A006CC6F1;
			remoteInfo = Paparazzi;
		};
		F9C328F62DC4397E006CC6F1 /* PBXContainerItemProxy */ = {
			isa = PBXContainerItemProxy;
			containerPortal = F9C328D32DC4397A006CC6F1 /* Project object */;
			proxyType = 1;
			remoteGlobalIDString = F9C328DA2DC4397A006CC6F1;
			remoteInfo = Paparazzi;
		};
/* End PBXContainerItemProxy section */

/* Begin PBXFileReference section */
		F9C328DB2DC4397A006CC6F1 /* Paparazzi.app */ = {isa = PBXFileReference; explicitFileType = wrapper.application; includeInIndex = 0; path = Paparazzi.app; sourceTree = BUILT_PRODUCTS_DIR; };
		F9C328EB2DC4397E006CC6F1 /* PaparazziTests.xctest */ = {isa = PBXFileReference; explicitFileType = wrapper.cfbundle; includeInIndex = 0; path = PaparazziTests.xctest; sourceTree = BUILT_PRODUCTS_DIR; };
		F9C328F52DC4397E006CC6F1 /* PaparazziUITests.xctest */ = {isa = PBXFileReference; explicitFileType = wrapper.cfbundle; includeInIndex = 0; path = PaparazziUITests.xctest; sourceTree = BUILT_PRODUCTS_DIR; };
/* End PBXFileReference section */

/* Begin PBXFileSystemSynchronizedRootGroup section */
		F9C328DD2DC4397A006CC6F1 /* Paparazzi */ = {
			isa = PBXFileSystemSynchronizedRootGroup;
			path = Paparazzi;
			sourceTree = "<group>";
		};
		F9C328EE2DC4397E006CC6F1 /* PaparazziTests */ = {
			isa = PBXFileSystemSynchronizedRootGroup;
			path = PaparazziTests;
			sourceTree = "<group>";
		};
		F9C328F82DC4397E006CC6F1 /* PaparazziUITests */ = {
			isa = PBXFileSystemSynchronizedRootGroup;
			path = PaparazziUITests;
			sourceTree = "<group>";
		};
/* End PBXFileSystemSynchronizedRootGroup section */

/* Begin PBXFrameworksBuildPhase section */
		F9C328D82DC4397A006CC6F1 /* Frameworks */ = {
			isa = PBXFrameworksBuildPhase;
			buildActionMask = 2147483647;
			files = (
			);
			runOnlyForDeploymentPostprocessing = 0;
		};
		F9C328E82DC4397E006CC6F1 /* Frameworks */ = {
			isa = PBXFrameworksBuildPhase;
			buildActionMask = 2147483647;
			files = (
			);
			runOnlyForDeploymentPostprocessing = 0;
		};
		F9C328F22DC4397E006CC6F1 /* Frameworks */ = {
			isa = PBXFrameworksBuildPhase;
			buildActionMask = 2147483647;
			files = (
			);
			runOnlyForDeploymentPostprocessing = 0;
		};
/* End PBXFrameworksBuildPhase section */

/* Begin PBXGroup section */
		F9C328D22DC4397A006CC6F1 = {
			isa = PBXGroup;
			children = (
				F9C328DD2DC4397A006CC6F1 /* Paparazzi */,
				F9C328EE2DC4397E006CC6F1 /* PaparazziTests */,
				F9C328F82DC4397E006CC6F1 /* PaparazziUITests */,
				F9C328DC2DC4397A006CC6F1 /* Products */,
			);
			sourceTree = "<group>";
		};
		F9C328DC2DC4397A006CC6F1 /* Products */ = {
			isa = PBXGroup;
			children = (
				F9C328DB2DC4397A006CC6F1 /* Paparazzi.app */,
				F9C328EB2DC4397E006CC6F1 /* PaparazziTests.xctest */,
				F9C328F52DC4397E006CC6F1 /* PaparazziUITests.xctest */,
			);
			name = Products;
			sourceTree = "<group>";
		};
/* End PBXGroup section */

/* Begin PBXNativeTarget section */
		F9C328DA2DC4397A006CC6F1 /* Paparazzi */ = {
			isa = PBXNativeTarget;
			buildConfigurationList = F9C328FF2DC4397E006CC6F1 /* Build configuration list for PBXNativeTarget "Paparazzi" */;
			buildPhases = (
				F9C328D72DC4397A006CC6F1 /* Sources */,
				F9C328D82DC4397A006CC6F1 /* Frameworks */,
				F9C328D92DC4397A006CC6F1 /* Resources */,
			);
			buildRules = (
			);
			dependencies = (
			);
			fileSystemSynchronizedGroups = (
				F9C328DD2DC4397A006CC6F1 /* Paparazzi */,
			);
			name = Paparazzi;
			packageProductDependencies = (
			);
			productName = Paparazzi;
			productReference = F9C328DB2DC4397A006CC6F1 /* Paparazzi.app */;
			productType = "com.apple.product-type.application";
		};
		F9C328EA2DC4397E006CC6F1 /* PaparazziTests */ = {
			isa = PBXNativeTarget;
			buildConfigurationList = F9C329022DC4397E006CC6F1 /* Build configuration list for PBXNativeTarget "PaparazziTests" */;
			buildPhases = (
				F9C328E72DC4397E006CC6F1 /* Sources */,
				F9C328E82DC4397E006CC6F1 /* Frameworks */,
				F9C328E92DC4397E006CC6F1 /* Resources */,
			);
			buildRules = (
			);
			dependencies = (
				F9C328ED2DC4397E006CC6F1 /* PBXTargetDependency */,
			);
			fileSystemSynchronizedGroups = (
				F9C328EE2DC4397E006CC6F1 /* PaparazziTests */,
			);
			name = PaparazziTests;
			packageProductDependencies = (
			);
			productName = PaparazziTests;
			productReference = F9C328EB2DC4397E006CC6F1 /* PaparazziTests.xctest */;
			productType = "com.apple.product-type.bundle.unit-test";
		};
		F9C328F42DC4397E006CC6F1 /* PaparazziUITests */ = {
			isa = PBXNativeTarget;
			buildConfigurationList = F9C329052DC4397E006CC6F1 /* Build configuration list for PBXNativeTarget "PaparazziUITests" */;
			buildPhases = (
				F9C328F12DC4397E006CC6F1 /* Sources */,
				F9C328F22DC4397E006CC6F1 /* Frameworks */,
				F9C328F32DC4397E006CC6F1 /* Resources */,
			);
			buildRules = (
			);
			dependencies = (
				F9C328F72DC4397E006CC6F1 /* PBXTargetDependency */,
			);
			fileSystemSynchronizedGroups = (
				F9C328F82DC4397E006CC6F1 /* PaparazziUITests */,
			);
			name = PaparazziUITests;
			packageProductDependencies = (
			);
			productName = PaparazziUITests;
			productReference = F9C328F52DC4397E006CC6F1 /* PaparazziUITests.xctest */;
			productType = "com.apple.product-type.bundle.ui-testing";
		};
/* End PBXNativeTarget section */

/* Begin PBXProject section */
		F9C328D32DC4397A006CC6F1 /* Project object */ = {
			isa = PBXProject;
			attributes = {
				BuildIndependentTargetsInParallel = 1;
				LastSwiftUpdateCheck = 1620;
				LastUpgradeCheck = 1620;
				TargetAttributes = {
					F9C328DA2DC4397A006CC6F1 = {
						CreatedOnToolsVersion = 16.2;
					};
					F9C328EA2DC4397E006CC6F1 = {
						CreatedOnToolsVersion = 16.2;
						TestTargetID = F9C328DA2DC4397A006CC6F1;
					};
					F9C328F42DC4397E006CC6F1 = {
						CreatedOnToolsVersion = 16.2;
						TestTargetID = F9C328DA2DC4397A006CC6F1;
					};
				};
			};
			buildConfigurationList = F9C328D62DC4397A006CC6F1 /* Build configuration list for PBXProject "Paparazzi" */;
			developmentRegion = en;
			hasScannedForEncodings = 0;
			knownRegions = (
				en,
				Base,
			);
			mainGroup = F9C328D22DC4397A006CC6F1;
			minimizedProjectReferenceProxies = 1;
			preferredProjectObjectVersion = 77;
			productRefGroup = F9C328DC2DC4397A006CC6F1 /* Products */;
			projectDirPath = "";
			projectRoot = "";
			targets = (
				F9C328DA2DC4397A006CC6F1 /* Paparazzi */,
				F9C328EA2DC4397E006CC6F1 /* PaparazziTests */,
				F9C328F42DC4397E006CC6F1 /* PaparazziUITests */,
			);
		};
/* End PBXProject section */

/* Begin PBXResourcesBuildPhase section */
		F9C328D92DC4397A006CC6F1 /* Resources */ = {
			isa = PBXResourcesBuildPhase;
			buildActionMask = 2147483647;
			files = (
			);
			runOnlyForDeploymentPostprocessing = 0;
		};
		F9C328E92DC4397E006CC6F1 /* Resources */ = {
			isa = PBXResourcesBuildPhase;
			buildActionMask = 2147483647;
			files = (
			);
			runOnlyForDeploymentPostprocessing = 0;
		};
		F9C328F32DC4397E006CC6F1 /* Resources */ = {
			isa = PBXResourcesBuildPhase;
			buildActionMask = 2147483647;
			files = (
			);
			runOnlyForDeploymentPostprocessing = 0;
		};
/* End PBXResourcesBuildPhase section */

/* Begin PBXSourcesBuildPhase section */
		F9C328D72DC4397A006CC6F1 /* Sources */ = {
			isa = PBXSourcesBuildPhase;
			buildActionMask = 2147483647;
			files = (
			);
			runOnlyForDeploymentPostprocessing = 0;
		};
		F9C328E72DC4397E006CC6F1 /* Sources */ = {
			isa = PBXSourcesBuildPhase;
			buildActionMask = 2147483647;
			files = (
			);
			runOnlyForDeploymentPostprocessing = 0;
		};
		F9C328F12DC4397E006CC6F1 /* Sources */ = {
			isa = PBXSourcesBuildPhase;
			buildActionMask = 2147483647;
			files = (
			);
			runOnlyForDeploymentPostprocessing = 0;
		};
/* End PBXSourcesBuildPhase section */

/* Begin PBXTargetDependency section */
		F9C328ED2DC4397E006CC6F1 /* PBXTargetDependency */ = {
			isa = PBXTargetDependency;
			target = F9C328DA2DC4397A006CC6F1 /* Paparazzi */;
			targetProxy = F9C328EC2DC4397E006CC6F1 /* PBXContainerItemProxy */;
		};
		F9C328F72DC4397E006CC6F1 /* PBXTargetDependency */ = {
			isa = PBXTargetDependency;
			target = F9C328DA2DC4397A006CC6F1 /* Paparazzi */;
			targetProxy = F9C328F62DC4397E006CC6F1 /* PBXContainerItemProxy */;
		};
/* End PBXTargetDependency section */

/* Begin XCBuildConfiguration section */
		F9C328FD2DC4397E006CC6F1 /* Debug */ = {
			isa = XCBuildConfiguration;
			buildSettings = {
				ALWAYS_SEARCH_USER_PATHS = NO;
				ASSETCATALOG_COMPILER_GENERATE_SWIFT_ASSET_SYMBOL_EXTENSIONS = YES;
				CLANG_ANALYZER_NONNULL = YES;
				CLANG_ANALYZER_NUMBER_OBJECT_CONVERSION = YES_AGGRESSIVE;
				CLANG_CXX_LANGUAGE_STANDARD = "gnu++20";
				CLANG_ENABLE_MODULES = YES;
				CLANG_ENABLE_OBJC_ARC = YES;
				CLANG_ENABLE_OBJC_WEAK = YES;
				CLANG_WARN_BLOCK_CAPTURE_AUTORELEASING = YES;
				CLANG_WARN_BOOL_CONVERSION = YES;
				CLANG_WARN_COMMA = YES;
				CLANG_WARN_CONSTANT_CONVERSION = YES;
				CLANG_WARN_DEPRECATED_OBJC_IMPLEMENTATIONS = YES;
				CLANG_WARN_DIRECT_OBJC_ISA_USAGE = YES_ERROR;
				CLANG_WARN_DOCUMENTATION_COMMENTS = YES;
				CLANG_WARN_EMPTY_BODY = YES;
				CLANG_WARN_ENUM_CONVERSION = YES;
				CLANG_WARN_INFINITE_RECURSION = YES;
				CLANG_WARN_INT_CONVERSION = YES;
				CLANG_WARN_NON_LITERAL_NULL_CONVERSION = YES;
				CLANG_WARN_OBJC_IMPLICIT_RETAIN_SELF = YES;
				CLANG_WARN_OBJC_LITERAL_CONVERSION = YES;
				CLANG_WARN_OBJC_ROOT_CLASS = YES_ERROR;
				CLANG_WARN_QUOTED_INCLUDE_IN_FRAMEWORK_HEADER = YES;
				CLANG_WARN_RANGE_LOOP_ANALYSIS = YES;
				CLANG_WARN_STRICT_PROTOTYPES = YES;
				CLANG_WARN_SUSPICIOUS_MOVE = YES;
				CLANG_WARN_UNGUARDED_AVAILABILITY = YES_AGGRESSIVE;
				CLANG_WARN_UNREACHABLE_CODE = YES;
				CLANG_WARN__DUPLICATE_METHOD_MATCH = YES;
				COPY_PHASE_STRIP = NO;
				DEBUG_INFORMATION_FORMAT = dwarf;
				ENABLE_STRICT_OBJC_MSGSEND = YES;
				ENABLE_TESTABILITY = YES;
				ENABLE_USER_SCRIPT_SANDBOXING = YES;
				GCC_C_LANGUAGE_STANDARD = gnu17;
				GCC_DYNAMIC_NO_PIC = NO;
				GCC_NO_COMMON_BLOCKS = YES;
				GCC_OPTIMIZATION_LEVEL = 0;
				GCC_PREPROCESSOR_DEFINITIONS = (
					"DEBUG=1",
					"$(inherited)",
				);
				GCC_WARN_64_TO_32_BIT_CONVERSION = YES;
				GCC_WARN_ABOUT_RETURN_TYPE = YES_ERROR;
				GCC_WARN_UNDECLARED_SELECTOR = YES;
				GCC_WARN_UNINITIALIZED_AUTOS = YES_AGGRESSIVE;
				GCC_WARN_UNUSED_FUNCTION = YES;
				GCC_WARN_UNUSED_VARIABLE = YES;
				IPHONEOS_DEPLOYMENT_TARGET = 18.2;
				LOCALIZATION_PREFERS_STRING_CATALOGS = YES;
				MTL_ENABLE_DEBUG_INFO = INCLUDE_SOURCE;
				MTL_FAST_MATH = YES;
				ONLY_ACTIVE_ARCH = YES;
				SDKROOT = iphoneos;
				SWIFT_ACTIVE_COMPILATION_CONDITIONS = "DEBUG $(inherited)";
				SWIFT_OPTIMIZATION_LEVEL = "-Onone";
			};
			name = Debug;
		};
		F9C328FE2DC4397E006CC6F1 /* Release */ = {
			isa = XCBuildConfiguration;
			buildSettings = {
				ALWAYS_SEARCH_USER_PATHS = NO;
				ASSETCATALOG_COMPILER_GENERATE_SWIFT_ASSET_SYMBOL_EXTENSIONS = YES;
				CLANG_ANALYZER_NONNULL = YES;
				CLANG_ANALYZER_NUMBER_OBJECT_CONVERSION = YES_AGGRESSIVE;
				CLANG_CXX_LANGUAGE_STANDARD = "gnu++20";
				CLANG_ENABLE_MODULES = YES;
				CLANG_ENABLE_OBJC_ARC = YES;
				CLANG_ENABLE_OBJC_WEAK = YES;
				CLANG_WARN_BLOCK_CAPTURE_AUTORELEASING = YES;
				CLANG_WARN_BOOL_CONVERSION = YES;
				CLANG_WARN_COMMA = YES;
				CLANG_WARN_CONSTANT_CONVERSION = YES;
				CLANG_WARN_DEPRECATED_OBJC_IMPLEMENTATIONS = YES;
				CLANG_WARN_DIRECT_OBJC_ISA_USAGE = YES_ERROR;
				CLANG_WARN_DOCUMENTATION_COMMENTS = YES;
				CLANG_WARN_EMPTY_BODY = YES;
				CLANG_WARN_ENUM_CONVERSION = YES;
				CLANG_WARN_INFINITE_RECURSION = YES;
				CLANG_WARN_INT_CONVERSION = YES;
				CLANG_WARN_NON_LITERAL_NULL_CONVERSION = YES;
				CLANG_WARN_OBJC_IMPLICIT_RETAIN_SELF = YES;
				CLANG_WARN_OBJC_LITERAL_CONVERSION = YES;
				CLANG_WARN_OBJC_ROOT_CLASS = YES_ERROR;
				CLANG_WARN_QUOTED_INCLUDE_IN_FRAMEWORK_HEADER = YES;
				CLANG_WARN_RANGE_LOOP_ANALYSIS = YES;
				CLANG_WARN_STRICT_PROTOTYPES = YES;
				CLANG_WARN_SUSPICIOUS_MOVE = YES;
				CLANG_WARN_UNGUARDED_AVAILABILITY = YES_AGGRESSIVE;
				CLANG_WARN_UNREACHABLE_CODE = YES;
				CLANG_WARN__DUPLICATE_METHOD_MATCH = YES;
				COPY_PHASE_STRIP = NO;
				DEBUG_INFORMATION_FORMAT = "dwarf-with-dsym";
				ENABLE_NS_ASSERTIONS = NO;
				ENABLE_STRICT_OBJC_MSGSEND = YES;
				ENABLE_USER_SCRIPT_SANDBOXING = YES;
				GCC_C_LANGUAGE_STANDARD = gnu17;
				GCC_NO_COMMON_BLOCKS = YES;
				GCC_WARN_64_TO_32_BIT_CONVERSION = YES;
				GCC_WARN_ABOUT_RETURN_TYPE = YES_ERROR;
				GCC_WARN_UNDECLARED_SELECTOR = YES;
				GCC_WARN_UNINITIALIZED_AUTOS = YES_AGGRESSIVE;
				GCC_WARN_UNUSED_FUNCTION = YES;
				GCC_WARN_UNUSED_VARIABLE = YES;
				IPHONEOS_DEPLOYMENT_TARGET = 18.2;
				LOCALIZATION_PREFERS_STRING_CATALOGS = YES;
				MTL_ENABLE_DEBUG_INFO = NO;
				MTL_FAST_MATH = YES;
				SDKROOT = iphoneos;
				SWIFT_COMPILATION_MODE = wholemodule;
				VALIDATE_PRODUCT = YES;
			};
			name = Release;
		};
		F9C329002DC4397E006CC6F1 /* Debug */ = {
			isa = XCBuildConfiguration;
			buildSettings = {
				ASSETCATALOG_COMPILER_APPICON_NAME = AppIcon;
				ASSETCATALOG_COMPILER_GLOBAL_ACCENT_COLOR_NAME = AccentColor;
				CODE_SIGN_STYLE = Automatic;
				CURRENT_PROJECT_VERSION = 1;
				DEVELOPMENT_ASSET_PATHS = "\"Paparazzi/Preview Content\"";
				ENABLE_PREVIEWS = YES;
				GENERATE_INFOPLIST_FILE = YES;
				INFOPLIST_KEY_UIApplicationSceneManifest_Generation = YES;
				INFOPLIST_KEY_UIApplicationSupportsIndirectInputEvents = YES;
				INFOPLIST_KEY_UILaunchScreen_Generation = YES;
				INFOPLIST_KEY_UISupportedInterfaceOrientations_iPad = "UIInterfaceOrientationPortrait UIInterfaceOrientationPortraitUpsideDown UIInterfaceOrientationLandscapeLeft UIInterfaceOrientationLandscapeRight";
				INFOPLIST_KEY_UISupportedInterfaceOrientations_iPhone = "UIInterfaceOrientationPortrait UIInterfaceOrientationLandscapeLeft UIInterfaceOrientationLandscapeRight";
				LD_RUNPATH_SEARCH_PATHS = (
					"$(inherited)",
					"@executable_path/Frameworks",
				);
				MARKETING_VERSION = 1.0;
				PRODUCT_BUNDLE_IDENTIFIER = com.ThomasBaldonado.Paparazzi;
				PRODUCT_NAME = "$(TARGET_NAME)";
				SWIFT_EMIT_LOC_STRINGS = YES;
				SWIFT_VERSION = 5.0;
				TARGETED_DEVICE_FAMILY = "1,2";
			};
			name = Debug;
		};
		F9C329012DC4397E006CC6F1 /* Release */ = {
			isa = XCBuildConfiguration;
			buildSettings = {
				ASSETCATALOG_COMPILER_APPICON_NAME = AppIcon;
				ASSETCATALOG_COMPILER_GLOBAL_ACCENT_COLOR_NAME = AccentColor;
				CODE_SIGN_STYLE = Automatic;
				CURRENT_PROJECT_VERSION = 1;
				DEVELOPMENT_ASSET_PATHS = "\"Paparazzi/Preview Content\"";
				ENABLE_PREVIEWS = YES;
				GENERATE_INFOPLIST_FILE = YES;
				INFOPLIST_KEY_UIApplicationSceneManifest_Generation = YES;
				INFOPLIST_KEY_UIApplicationSupportsIndirectInputEvents = YES;
				INFOPLIST_KEY_UILaunchScreen_Generation = YES;
				INFOPLIST_KEY_UISupportedInterfaceOrientations_iPad = "UIInterfaceOrientationPortrait UIInterfaceOrientationPortraitUpsideDown UIInterfaceOrientationLandscapeLeft UIInterfaceOrientationLandscapeRight";
				INFOPLIST_KEY_UISupportedInterfaceOrientations_iPhone = "UIInterfaceOrientationPortrait UIInterfaceOrientationLandscapeLeft UIInterfaceOrientationLandscapeRight";
				LD_RUNPATH_SEARCH_PATHS = (
					"$(inherited)",
					"@executable_path/Frameworks",
				);
				MARKETING_VERSION = 1.0;
				PRODUCT_BUNDLE_IDENTIFIER = com.ThomasBaldonado.Paparazzi;
				PRODUCT_NAME = "$(TARGET_NAME)";
				SWIFT_EMIT_LOC_STRINGS = YES;
				SWIFT_VERSION = 5.0;
				TARGETED_DEVICE_FAMILY = "1,2";
			};
			name = Release;
		};
		F9C329032DC4397E006CC6F1 /* Debug */ = {
			isa = XCBuildConfiguration;
			buildSettings = {
				BUNDLE_LOADER = "$(TEST_HOST)";
				CODE_SIGN_STYLE = Automatic;
				CURRENT_PROJECT_VERSION = 1;
				GENERATE_INFOPLIST_FILE = YES;
				IPHONEOS_DEPLOYMENT_TARGET = 18.2;
				MARKETING_VERSION = 1.0;
				PRODUCT_BUNDLE_IDENTIFIER = com.ThomasBaldonado.PaparazziTests;
				PRODUCT_NAME = "$(TARGET_NAME)";
				SWIFT_EMIT_LOC_STRINGS = NO;
				SWIFT_VERSION = 5.0;
				TARGETED_DEVICE_FAMILY = "1,2";
				TEST_HOST = "$(BUILT_PRODUCTS_DIR)/Paparazzi.app/$(BUNDLE_EXECUTABLE_FOLDER_PATH)/Paparazzi";
			};
			name = Debug;
		};
		F9C329042DC4397E006CC6F1 /* Release */ = {
			isa = XCBuildConfiguration;
			buildSettings = {
				BUNDLE_LOADER = "$(TEST_HOST)";
				CODE_SIGN_STYLE = Automatic;
				CURRENT_PROJECT_VERSION = 1;
				GENERATE_INFOPLIST_FILE = YES;
				IPHONEOS_DEPLOYMENT_TARGET = 18.2;
				MARKETING_VERSION = 1.0;
				PRODUCT_BUNDLE_IDENTIFIER = com.ThomasBaldonado.PaparazziTests;
				PRODUCT_NAME = "$(TARGET_NAME)";
				SWIFT_EMIT_LOC_STRINGS = NO;
				SWIFT_VERSION = 5.0;
				TARGETED_DEVICE_FAMILY = "1,2";
				TEST_HOST = "$(BUILT_PRODUCTS_DIR)/Paparazzi.app/$(BUNDLE_EXECUTABLE_FOLDER_PATH)/Paparazzi";
			};
			name = Release;
		};
		F9C329062DC4397E006CC6F1 /* Debug */ = {
			isa = XCBuildConfiguration;
			buildSettings = {
				CODE_SIGN_STYLE = Automatic;
				CURRENT_PROJECT_VERSION = 1;
				GENERATE_INFOPLIST_FILE = YES;
				MARKETING_VERSION = 1.0;
				PRODUCT_BUNDLE_IDENTIFIER = com.ThomasBaldonado.PaparazziUITests;
				PRODUCT_NAME = "$(TARGET_NAME)";
				SWIFT_EMIT_LOC_STRINGS = NO;
				SWIFT_VERSION = 5.0;
				TARGETED_DEVICE_FAMILY = "1,2";
				TEST_TARGET_NAME = Paparazzi;
			};
			name = Debug;
		};
		F9C329072DC4397E006CC6F1 /* Release */ = {
			isa = XCBuildConfiguration;
			buildSettings = {
				CODE_SIGN_STYLE = Automatic;
				CURRENT_PROJECT_VERSION = 1;
				GENERATE_INFOPLIST_FILE = YES;
				MARKETING_VERSION = 1.0;
				PRODUCT_BUNDLE_IDENTIFIER = com.ThomasBaldonado.PaparazziUITests;
				PRODUCT_NAME = "$(TARGET_NAME)";
				SWIFT_EMIT_LOC_STRINGS = NO;
				SWIFT_VERSION = 5.0;
				TARGETED_DEVICE_FAMILY = "1,2";
				TEST_TARGET_NAME = Paparazzi;
			};
			name = Release;
		};
/* End XCBuildConfiguration section */

/* Begin XCConfigurationList section */
		F9C328D62DC4397A006CC6F1 /* Build configuration list for PBXProject "Paparazzi" */ = {
			isa = XCConfigurationList;
			buildConfigurations = (
				F9C328FD2DC4397E006CC6F1 /* Debug */,
				F9C328FE2DC4397E006CC6F1 /* Release */,
			);
			defaultConfigurationIsVisible = 0;
			defaultConfigurationName = Release;
		};
		F9C328FF2DC4397E006CC6F1 /* Build configuration list for PBXNativeTarget "Paparazzi" */ = {
			isa = XCConfigurationList;
			buildConfigurations = (
				F9C329002DC4397E006CC6F1 /* Debug */,
				F9C329012DC4397E006CC6F1 /* Release */,
			);
			defaultConfigurationIsVisible = 0;
			defaultConfigurationName = Release;
		};
		F9C329022DC4397E006CC6F1 /* Build configuration list for PBXNativeTarget "PaparazziTests" */ = {
			isa = XCConfigurationList;
			buildConfigurations = (
				F9C329032DC4397E006CC6F1 /* Debug */,
				F9C329042DC4397E006CC6F1 /* Release */,
			);
			defaultConfigurationIsVisible = 0;
			defaultConfigurationName = Release;
		};
		F9C329052DC4397E006CC6F1 /* Build configuration list for PBXNativeTarget "PaparazziUITests" */ = {
			isa = XCConfigurationList;
			buildConfigurations = (
				F9C329062DC4397E006CC6F1 /* Debug */,
				F9C329072DC4397E006CC6F1 /* Release */,
			);
			defaultConfigurationIsVisible = 0;
			defaultConfigurationName = Release;
		};
/* End XCConfigurationList section */
	};
	rootObject = F9C328D32DC4397A006CC6F1 /* Project object */;
}
